
Microsoft Visual Studio Solution File, Format Version 12.00
# Visual Studio Version 17
VisualStudioVersion = 17.1.32319.34
MinimumVisualStudioVersion = 10.0.40219.1
Project("{2150E333-8FDC-42A3-9474-1A3956D46DE8}") = "Behavioral", "Behavioral", "{3DB42A02-16C6-47B1-AC42-ED86ACCA4BA0}"
EndProject
Project("{2150E333-8FDC-42A3-9474-1A3956D46DE8}") = "Strategy", "Strategy", "{51C9AD08-15EF-40FC-B8D1-2539D83C1C0B}"
EndProject
Project("{FAE04EC0-301F-11D3-BF4B-00C04F79EFBC}") = "Behavioral.Strategy.EmailSender", "Behavioral\Strategy\Behavioral.Strategy.EmailSender\Behavioral.Strategy.EmailSender.csproj", "{62917D01-72A4-4E01-8204-84D321683B76}"
EndProject
Project("{2150E333-8FDC-42A3-9474-1A3956D46DE8}") = "Command", "Command", "{21CFE45F-F857-4DBF-8E8E-BABE053CDFAC}"
EndProject
Project("{FAE04EC0-301F-11D3-BF4B-00C04F79EFBC}") = "Behavioral.Command.FileCreator", "Behavioral\Command\Behavioral.Command.FileCreator\Behavioral.Command.FileCreator.csproj", "{46296C71-6F3E-4200-BEFB-A8A11D6FF14E}"
EndProject
Global
	GlobalSection(SolutionConfigurationPlatforms) = preSolution
		Debug|Any CPU = Debug|Any CPU
		Release|Any CPU = Release|Any CPU
	EndGlobalSection
	GlobalSection(ProjectConfigurationPlatforms) = postSolution
		{62917D01-72A4-4E01-8204-84D321683B76}.Debug|Any CPU.ActiveCfg = Debug|Any CPU
		{62917D01-72A4-4E01-8204-84D321683B76}.Debug|Any CPU.Build.0 = Debug|Any CPU
		{62917D01-72A4-4E01-8204-84D321683B76}.Release|Any CPU.ActiveCfg = Release|Any CPU
		{62917D01-72A4-4E01-8204-84D321683B76}.Release|Any CPU.Build.0 = Release|Any CPU
		{46296C71-6F3E-4200-BEFB-A8A11D6FF14E}.Debug|Any CPU.ActiveCfg = Debug|Any CPU
		{46296C71-6F3E-4200-BEFB-A8A11D6FF14E}.Debug|Any CPU.Build.0 = Debug|Any CPU
		{46296C71-6F3E-4200-BEFB-A8A11D6FF14E}.Release|Any CPU.ActiveCfg = Release|Any CPU
		{46296C71-6F3E-4200-BEFB-A8A11D6FF14E}.Release|Any CPU.Build.0 = Release|Any CPU
	EndGlobalSection
	GlobalSection(SolutionProperties) = preSolution
		HideSolutionNode = FALSE
	EndGlobalSection
	GlobalSection(NestedProjects) = preSolution
		{51C9AD08-15EF-40FC-B8D1-2539D83C1C0B} = {3DB42A02-16C6-47B1-AC42-ED86ACCA4BA0}
		{62917D01-72A4-4E01-8204-84D321683B76} = {51C9AD08-15EF-40FC-B8D1-2539D83C1C0B}
		{21CFE45F-F857-4DBF-8E8E-BABE053CDFAC} = {3DB42A02-16C6-47B1-AC42-ED86ACCA4BA0}
		{46296C71-6F3E-4200-BEFB-A8A11D6FF14E} = {21CFE45F-F857-4DBF-8E8E-BABE053CDFAC}
	EndGlobalSection
	GlobalSection(ExtensibilityGlobals) = postSolution
		SolutionGuid = {A64D0043-DDD7-4010-9ECA-46CB356497D2}
	EndGlobalSection
EndGlobal
