
Microsoft Visual Studio Solution File, Format Version 12.00
# Visual Studio Version 17
VisualStudioVersion = 17.1.32319.34
MinimumVisualStudioVersion = 10.0.40219.1
Project("{2150E333-8FDC-42A3-9474-1A3956D46DE8}") = "Behavioral", "Behavioral", "{3DB42A02-16C6-47B1-AC42-ED86ACCA4BA0}"
EndProject
Project("{2150E333-8FDC-42A3-9474-1A3956D46DE8}") = "Strategy", "Strategy", "{51C9AD08-15EF-40FC-B8D1-2539D83C1C0B}"
EndProject
Project("{9A19103F-16F7-4668-BE54-9A1E7A4F7556}") = "Behavioral.Strategy.EmailSender", "Behavioral\Strategy\Behavioral.Strategy.EmailSender\Behavioral.Strategy.EmailSender.csproj", "{62917D01-72A4-4E01-8204-84D321683B76}"
EndProject
Project("{2150E333-8FDC-42A3-9474-1A3956D46DE8}") = "Command", "Command", "{21CFE45F-F857-4DBF-8E8E-BABE053CDFAC}"
EndProject
Project("{9A19103F-16F7-4668-BE54-9A1E7A4F7556}") = "Behavioral.Command.FileCreator", "Behavioral\Command\Behavioral.Command.FileCreator\Behavioral.Command.FileCreator.csproj", "{46296C71-6F3E-4200-BEFB-A8A11D6FF14E}"
EndProject
Project("{2150E333-8FDC-42A3-9474-1A3956D46DE8}") = "Structural", "Structural", "{3F73B78B-8A0F-4C6F-AF0D-9E66C6665306}"
EndProject
Project("{2150E333-8FDC-42A3-9474-1A3956D46DE8}") = "Decorator", "Decorator", "{2A2D3F26-544C-491F-9D1A-48C1EEAF9216}"
EndProject
Project("{9A19103F-16F7-4668-BE54-9A1E7A4F7556}") = "Structural.Decorator.RepositoryWithFeature", "Structural\Decorator\Structural.Decorator.RepositoryWithFeature\Structural.Decorator.RepositoryWithFeature.csproj", "{24E5972D-9218-4389-A698-259DA48B4D2D}"
EndProject
Project("{2150E333-8FDC-42A3-9474-1A3956D46DE8}") = "Composite", "Composite", "{A402CF94-B5E8-4877-9C33-714E2B7D80FB}"
EndProject
Project("{9A19103F-16F7-4668-BE54-9A1E7A4F7556}") = "Structural.Composite.FileSystem", "Structural\Composite\Structural.Composite.FileSystem\Structural.Composite.FileSystem.csproj", "{5AAEAD42-FA97-4B85-BB8D-B32F4BD1B3DD}"
EndProject
Project("{2150E333-8FDC-42A3-9474-1A3956D46DE8}") = "Proxy", "Proxy", "{FABE9C1D-F74E-46B0-9BB4-9F2FEBFB8195}"
EndProject
Project("{2150E333-8FDC-42A3-9474-1A3956D46DE8}") = "Facede", "Facede", "{118A16F3-C251-4C2C-A0B8-D6916791628E}"
EndProject
Project("{2150E333-8FDC-42A3-9474-1A3956D46DE8}") = "Credential", "Credential", "{7F10E518-2B78-48AF-8DFB-7AFE3001CE1A}"
EndProject
Project("{2150E333-8FDC-42A3-9474-1A3956D46DE8}") = "Singleton", "Singleton", "{977D747B-7460-485C-8525-FBD3A3E58065}"
EndProject
Project("{FAE04EC0-301F-11D3-BF4B-00C04F79EFBC}") = "Credential.Singleton.LazySingleton", "Credential\Singleton\Credential.Singleton.LazySingleton\Credential.Singleton.LazySingleton.csproj", "{5EFB1EDA-C262-46D9-81D3-645A85785AA0}"
EndProject
Project("{2150E333-8FDC-42A3-9474-1A3956D46DE8}") = "FactoryMethod", "FactoryMethod", "{04BD89DE-A2C2-4196-833C-520DEA833610}"
EndProject
Project("{FAE04EC0-301F-11D3-BF4B-00C04F79EFBC}") = "Credential.FactoryMethod", "Credential\FactoryMethod\Credential.FactoryMethod\Credential.FactoryMethod.csproj", "{5691D3BF-25D6-4005-869B-F57F0E69F239}"
EndProject
Project("{2150E333-8FDC-42A3-9474-1A3956D46DE8}") = "StaticFactory", "StaticFactory", "{97C5BF51-BCC8-404C-82BC-E06B11A6B96E}"
EndProject
Project("{FAE04EC0-301F-11D3-BF4B-00C04F79EFBC}") = "Credential.StaticFactory", "Credential\StaticFactory\Credential.StaticFactory\Credential.StaticFactory.csproj", "{15FC7227-0B57-4417-A0ED-4EEFF88DA14C}"
EndProject
Project("{2150E333-8FDC-42A3-9474-1A3956D46DE8}") = "AbstractFactory", "AbstractFactory", "{2A7B7DBF-00EC-40F4-B9FE-4B7697CA8B2C}"
EndProject
Project("{FAE04EC0-301F-11D3-BF4B-00C04F79EFBC}") = "Credential.AbstractFactory", "Credential\AbstractFactory\Credential.AbstractFactory\Credential.AbstractFactory.csproj", "{533F658E-81AD-4956-B341-6D13F3E66303}"
EndProject
Project("{2150E333-8FDC-42A3-9474-1A3956D46DE8}") = "Builder", "Builder", "{B796F021-FDA7-457E-9503-E97ECEF88C20}"
EndProject
Project("{FAE04EC0-301F-11D3-BF4B-00C04F79EFBC}") = "Credential.Builder.ComputerBuilder", "Credential\Builder\Credential.Builder.ComputerBuilder\Credential.Builder.ComputerBuilder.csproj", "{5DA5817E-D8E7-4FDB-8AA6-4DF8C0F19C43}"
EndProject
Project("{2150E333-8FDC-42A3-9474-1A3956D46DE8}") = "Observer", "Observer", "{99475301-1889-46D1-9851-C1AC7D6C34CA}"
EndProject
Project("{2150E333-8FDC-42A3-9474-1A3956D46DE8}") = "ChainOfResponsibility", "ChainOfResponsibility", "{80EB6CE0-96D9-404B-80AB-B708BFB42557}"
EndProject
Project("{FAE04EC0-301F-11D3-BF4B-00C04F79EFBC}") = "Behavioral.ChainOfResponsibility.ProductListZipToSendMail", "Behavioral\ChainOfResponsibility\Behavioral.ChainOfResponsibility.ProductListZipToSendMail\Behavioral.ChainOfResponsibility.ProductListZipToSendMail.csproj", "{A94BED6B-E2D0-4E69-9851-E00AFD5C9F88}"
EndProject
Project("{FAE04EC0-301F-11D3-BF4B-00C04F79EFBC}") = "Behavioral.Obverser.UserRegisterNotification", "Behavioral\Observer\Behavioral.Obverser.UserRegisterNotification\Behavioral.Obverser.UserRegisterNotification.csproj", "{31306DDB-FFEE-40ED-9E6F-A8E66657DAE5}"
EndProject
Global
	GlobalSection(SolutionConfigurationPlatforms) = preSolution
		Debug|Any CPU = Debug|Any CPU
		Release|Any CPU = Release|Any CPU
	EndGlobalSection
	GlobalSection(ProjectConfigurationPlatforms) = postSolution
		{62917D01-72A4-4E01-8204-84D321683B76}.Debug|Any CPU.ActiveCfg = Debug|Any CPU
		{62917D01-72A4-4E01-8204-84D321683B76}.Debug|Any CPU.Build.0 = Debug|Any CPU
		{62917D01-72A4-4E01-8204-84D321683B76}.Release|Any CPU.ActiveCfg = Release|Any CPU
		{62917D01-72A4-4E01-8204-84D321683B76}.Release|Any CPU.Build.0 = Release|Any CPU
		{46296C71-6F3E-4200-BEFB-A8A11D6FF14E}.Debug|Any CPU.ActiveCfg = Debug|Any CPU
		{46296C71-6F3E-4200-BEFB-A8A11D6FF14E}.Debug|Any CPU.Build.0 = Debug|Any CPU
		{46296C71-6F3E-4200-BEFB-A8A11D6FF14E}.Release|Any CPU.ActiveCfg = Release|Any CPU
		{46296C71-6F3E-4200-BEFB-A8A11D6FF14E}.Release|Any CPU.Build.0 = Release|Any CPU
		{24E5972D-9218-4389-A698-259DA48B4D2D}.Debug|Any CPU.ActiveCfg = Debug|Any CPU
		{24E5972D-9218-4389-A698-259DA48B4D2D}.Debug|Any CPU.Build.0 = Debug|Any CPU
		{24E5972D-9218-4389-A698-259DA48B4D2D}.Release|Any CPU.ActiveCfg = Release|Any CPU
		{24E5972D-9218-4389-A698-259DA48B4D2D}.Release|Any CPU.Build.0 = Release|Any CPU
		{5AAEAD42-FA97-4B85-BB8D-B32F4BD1B3DD}.Debug|Any CPU.ActiveCfg = Debug|Any CPU
		{5AAEAD42-FA97-4B85-BB8D-B32F4BD1B3DD}.Debug|Any CPU.Build.0 = Debug|Any CPU
		{5AAEAD42-FA97-4B85-BB8D-B32F4BD1B3DD}.Release|Any CPU.ActiveCfg = Release|Any CPU
		{5AAEAD42-FA97-4B85-BB8D-B32F4BD1B3DD}.Release|Any CPU.Build.0 = Release|Any CPU
		{5EFB1EDA-C262-46D9-81D3-645A85785AA0}.Debug|Any CPU.ActiveCfg = Debug|Any CPU
		{5EFB1EDA-C262-46D9-81D3-645A85785AA0}.Debug|Any CPU.Build.0 = Debug|Any CPU
		{5EFB1EDA-C262-46D9-81D3-645A85785AA0}.Release|Any CPU.ActiveCfg = Release|Any CPU
		{5EFB1EDA-C262-46D9-81D3-645A85785AA0}.Release|Any CPU.Build.0 = Release|Any CPU
		{5691D3BF-25D6-4005-869B-F57F0E69F239}.Debug|Any CPU.ActiveCfg = Debug|Any CPU
		{5691D3BF-25D6-4005-869B-F57F0E69F239}.Debug|Any CPU.Build.0 = Debug|Any CPU
		{5691D3BF-25D6-4005-869B-F57F0E69F239}.Release|Any CPU.ActiveCfg = Release|Any CPU
		{5691D3BF-25D6-4005-869B-F57F0E69F239}.Release|Any CPU.Build.0 = Release|Any CPU
		{15FC7227-0B57-4417-A0ED-4EEFF88DA14C}.Debug|Any CPU.ActiveCfg = Debug|Any CPU
		{15FC7227-0B57-4417-A0ED-4EEFF88DA14C}.Debug|Any CPU.Build.0 = Debug|Any CPU
		{15FC7227-0B57-4417-A0ED-4EEFF88DA14C}.Release|Any CPU.ActiveCfg = Release|Any CPU
		{15FC7227-0B57-4417-A0ED-4EEFF88DA14C}.Release|Any CPU.Build.0 = Release|Any CPU
		{533F658E-81AD-4956-B341-6D13F3E66303}.Debug|Any CPU.ActiveCfg = Debug|Any CPU
		{533F658E-81AD-4956-B341-6D13F3E66303}.Debug|Any CPU.Build.0 = Debug|Any CPU
		{533F658E-81AD-4956-B341-6D13F3E66303}.Release|Any CPU.ActiveCfg = Release|Any CPU
		{533F658E-81AD-4956-B341-6D13F3E66303}.Release|Any CPU.Build.0 = Release|Any CPU
		{5DA5817E-D8E7-4FDB-8AA6-4DF8C0F19C43}.Debug|Any CPU.ActiveCfg = Debug|Any CPU
		{5DA5817E-D8E7-4FDB-8AA6-4DF8C0F19C43}.Debug|Any CPU.Build.0 = Debug|Any CPU
		{5DA5817E-D8E7-4FDB-8AA6-4DF8C0F19C43}.Release|Any CPU.ActiveCfg = Release|Any CPU
		{5DA5817E-D8E7-4FDB-8AA6-4DF8C0F19C43}.Release|Any CPU.Build.0 = Release|Any CPU
		{A94BED6B-E2D0-4E69-9851-E00AFD5C9F88}.Debug|Any CPU.ActiveCfg = Debug|Any CPU
		{A94BED6B-E2D0-4E69-9851-E00AFD5C9F88}.Debug|Any CPU.Build.0 = Debug|Any CPU
		{A94BED6B-E2D0-4E69-9851-E00AFD5C9F88}.Release|Any CPU.ActiveCfg = Release|Any CPU
		{A94BED6B-E2D0-4E69-9851-E00AFD5C9F88}.Release|Any CPU.Build.0 = Release|Any CPU
		{31306DDB-FFEE-40ED-9E6F-A8E66657DAE5}.Debug|Any CPU.ActiveCfg = Debug|Any CPU
		{31306DDB-FFEE-40ED-9E6F-A8E66657DAE5}.Debug|Any CPU.Build.0 = Debug|Any CPU
		{31306DDB-FFEE-40ED-9E6F-A8E66657DAE5}.Release|Any CPU.ActiveCfg = Release|Any CPU
		{31306DDB-FFEE-40ED-9E6F-A8E66657DAE5}.Release|Any CPU.Build.0 = Release|Any CPU
	EndGlobalSection
	GlobalSection(SolutionProperties) = preSolution
		HideSolutionNode = FALSE
	EndGlobalSection
	GlobalSection(NestedProjects) = preSolution
		{51C9AD08-15EF-40FC-B8D1-2539D83C1C0B} = {3DB42A02-16C6-47B1-AC42-ED86ACCA4BA0}
		{62917D01-72A4-4E01-8204-84D321683B76} = {51C9AD08-15EF-40FC-B8D1-2539D83C1C0B}
		{21CFE45F-F857-4DBF-8E8E-BABE053CDFAC} = {3DB42A02-16C6-47B1-AC42-ED86ACCA4BA0}
		{46296C71-6F3E-4200-BEFB-A8A11D6FF14E} = {21CFE45F-F857-4DBF-8E8E-BABE053CDFAC}
		{2A2D3F26-544C-491F-9D1A-48C1EEAF9216} = {3F73B78B-8A0F-4C6F-AF0D-9E66C6665306}
		{24E5972D-9218-4389-A698-259DA48B4D2D} = {2A2D3F26-544C-491F-9D1A-48C1EEAF9216}
		{A402CF94-B5E8-4877-9C33-714E2B7D80FB} = {3F73B78B-8A0F-4C6F-AF0D-9E66C6665306}
		{5AAEAD42-FA97-4B85-BB8D-B32F4BD1B3DD} = {A402CF94-B5E8-4877-9C33-714E2B7D80FB}
		{FABE9C1D-F74E-46B0-9BB4-9F2FEBFB8195} = {3F73B78B-8A0F-4C6F-AF0D-9E66C6665306}
		{118A16F3-C251-4C2C-A0B8-D6916791628E} = {3F73B78B-8A0F-4C6F-AF0D-9E66C6665306}
		{977D747B-7460-485C-8525-FBD3A3E58065} = {7F10E518-2B78-48AF-8DFB-7AFE3001CE1A}
		{5EFB1EDA-C262-46D9-81D3-645A85785AA0} = {977D747B-7460-485C-8525-FBD3A3E58065}
		{04BD89DE-A2C2-4196-833C-520DEA833610} = {7F10E518-2B78-48AF-8DFB-7AFE3001CE1A}
		{5691D3BF-25D6-4005-869B-F57F0E69F239} = {04BD89DE-A2C2-4196-833C-520DEA833610}
		{97C5BF51-BCC8-404C-82BC-E06B11A6B96E} = {7F10E518-2B78-48AF-8DFB-7AFE3001CE1A}
		{15FC7227-0B57-4417-A0ED-4EEFF88DA14C} = {97C5BF51-BCC8-404C-82BC-E06B11A6B96E}
		{2A7B7DBF-00EC-40F4-B9FE-4B7697CA8B2C} = {7F10E518-2B78-48AF-8DFB-7AFE3001CE1A}
		{533F658E-81AD-4956-B341-6D13F3E66303} = {2A7B7DBF-00EC-40F4-B9FE-4B7697CA8B2C}
		{B796F021-FDA7-457E-9503-E97ECEF88C20} = {7F10E518-2B78-48AF-8DFB-7AFE3001CE1A}
		{5DA5817E-D8E7-4FDB-8AA6-4DF8C0F19C43} = {B796F021-FDA7-457E-9503-E97ECEF88C20}
		{99475301-1889-46D1-9851-C1AC7D6C34CA} = {3DB42A02-16C6-47B1-AC42-ED86ACCA4BA0}
		{80EB6CE0-96D9-404B-80AB-B708BFB42557} = {3DB42A02-16C6-47B1-AC42-ED86ACCA4BA0}
		{A94BED6B-E2D0-4E69-9851-E00AFD5C9F88} = {80EB6CE0-96D9-404B-80AB-B708BFB42557}
		{31306DDB-FFEE-40ED-9E6F-A8E66657DAE5} = {99475301-1889-46D1-9851-C1AC7D6C34CA}
	EndGlobalSection
	GlobalSection(ExtensibilityGlobals) = postSolution
		SolutionGuid = {A64D0043-DDD7-4010-9ECA-46CB356497D2}
	EndGlobalSection
EndGlobal
